# THIS IS AN AUTOGENERATED FILE. DO NOT EDIT THIS FILE DIRECTLY.
# yarn lockfile v1


"@discloudapp/api-types@^0.0.14":
  version "0.0.14"
  resolved "https://registry.yarnpkg.com/@discloudapp/api-types/-/api-types-0.0.14.tgz#3d6d456c093f8a4a8f435fcc5f3d36a25466e592"
  integrity sha512-3FljcFEhnrJEqnyBzmnD2jt02XosXV67D8aXr1LKEwZRf61FegNCpD8Kmn5x6KJ8YINbX3O39sn9lhLmltZOJg==

typescript@^4.7.4:
  version "4.7.4"
  resolved "https://registry.yarnpkg.com/typescript/-/typescript-4.7.4.tgz#1a88596d1cf47d59507a1bcdfb5b9dfe4d488235"
  integrity sha512-C0WQT0gezHuw6AdY1M2jxUO83Rjf0HP7Sk1DtXj6j1EwkQNZrHAg2XPWlq62oqEhYvONq5pkC2Y9oPljWToLmQ==

undici@^5.10.0:
  version "5.10.0"
  resolved "https://registry.yarnpkg.com/undici/-/undici-5.10.0.tgz#dd9391087a90ccfbd007568db458674232ebf014"
  integrity sha512-c8HsD3IbwmjjbLvoZuRI26TZic+TSEe8FPMLLOkN1AfYRhdjnKBU6yL+IwcSCbdZiX4e5t0lfMDLDCqj4Sq70g==
