# THIS IS AN AUTOGENERATED FILE. DO NOT EDIT THIS FILE DIRECTLY.
# yarn lockfile v1


"@discloudapp/api-types@^0.0.11":
  version "0.0.11"
  resolved "https://registry.yarnpkg.com/@discloudapp/api-types/-/api-types-0.0.11.tgz#32feb84324b17758c1892e998a375c3572811e96"
  integrity sha512-e9aU86n+IhoyybwqkRnTL43tL5wfQjE0lngmN69AnzcfDpZL8Ey2ZLs6gDuScLMy4Y7NF41ESEe8pX6aq004sQ==

typescript@^4.7.4:
  version "4.7.4"
  resolved "https://registry.yarnpkg.com/typescript/-/typescript-4.7.4.tgz#1a88596d1cf47d59507a1bcdfb5b9dfe4d488235"
  integrity sha512-C0WQT0gezHuw6AdY1M2jxUO83Rjf0HP7Sk1DtXj6j1EwkQNZrHAg2XPWlq62oqEhYvONq5pkC2Y9oPljWToLmQ==

undici@^5.10.0:
  version "5.10.0"
  resolved "https://registry.yarnpkg.com/undici/-/undici-5.10.0.tgz#dd9391087a90ccfbd007568db458674232ebf014"
  integrity sha512-c8HsD3IbwmjjbLvoZuRI26TZic+TSEe8FPMLLOkN1AfYRhdjnKBU6yL+IwcSCbdZiX4e5t0lfMDLDCqj4Sq70g==
