# THIS IS AN AUTOGENERATED FILE. DO NOT EDIT THIS FILE DIRECTLY.
# yarn lockfile v1


"@discloudapp/api-types@^0.0.25":
  version "0.0.25"
  resolved "https://registry.yarnpkg.com/@discloudapp/api-types/-/api-types-0.0.25.tgz#07fd5a705c09c74b37d34c1bd3803126297561b0"
  integrity sha512-7C3ueM902rVYfom+0oP5FFHzu7WeI1UCPIMIMC86FNGxiV/5sXCIu2ezf0kcm4FjDxZ1r1wFiHu+JLwFOoj6bw==

typescript@^4.8.2:
  version "4.8.2"
  resolved "https://registry.yarnpkg.com/typescript/-/typescript-4.8.2.tgz#e3b33d5ccfb5914e4eeab6699cf208adee3fd790"
  integrity sha512-C0I1UsrrDHo2fYI5oaCGbSejwX4ch+9Y5jTQELvovfmFkK3HHSZJB8MSJcWLmCUBzQBchCrZ9rMRV6GuNrvGtw==

undici@^5.10.0:
  version "5.10.0"
  resolved "https://registry.yarnpkg.com/undici/-/undici-5.10.0.tgz#dd9391087a90ccfbd007568db458674232ebf014"
  integrity sha512-c8HsD3IbwmjjbLvoZuRI26TZic+TSEe8FPMLLOkN1AfYRhdjnKBU6yL+IwcSCbdZiX4e5t0lfMDLDCqj4Sq70g==
